
Microsoft Visual Studio Solution File, Format Version 12.00
# Visual Studio Version 16
VisualStudioVersion = 16.0.30320.27
MinimumVisualStudioVersion = 10.0.40219.1
Project("{FAE04EC0-301F-11D3-BF4B-00C04F79EFBC}") = "TicTacToeGame", "TicTacToeGame\TicTacToeGame.csproj", "{20CD3D2D-12E2-4133-900C-CF1C759BA524}"
EndProject
Global
	GlobalSection(SolutionConfigurationPlatforms) = preSolution
		Debug|Any CPU = Debug|Any CPU
		Release|Any CPU = Release|Any CPU
	EndGlobalSection
	GlobalSection(ProjectConfigurationPlatforms) = postSolution
		{20CD3D2D-12E2-4133-900C-CF1C759BA524}.Debug|Any CPU.ActiveCfg = Debug|Any CPU
		{20CD3D2D-12E2-4133-900C-CF1C759BA524}.Debug|Any CPU.Build.0 = Debug|Any CPU
		{20CD3D2D-12E2-4133-900C-CF1C759BA524}.Release|Any CPU.ActiveCfg = Release|Any CPU
		{20CD3D2D-12E2-4133-900C-CF1C759BA524}.Release|Any CPU.Build.0 = Release|Any CPU
	EndGlobalSection
	GlobalSection(SolutionProperties) = preSolution
		HideSolutionNode = FALSE
	EndGlobalSection
	GlobalSection(ExtensibilityGlobals) = postSolution
		SolutionGuid = {EA75528E-BBE0-4132-9DDE-10B0BDC7E2A4}
	EndGlobalSection
EndGlobal
